
Microsoft Visual Studio Solution File, Format Version 12.00
# Visual Studio Version 16
VisualStudioVersion = 16.0.32901.82
MinimumVisualStudioVersion = 10.0.40219.1
Project("{FAE04EC0-301F-11D3-BF4B-00C04F79EFBC}") = "Практическая работа 4.8", "Практическая работа 4.8.csproj", "{0A34B79C-F607-4BAE-B81A-7B6ACF3FEBC6}"
EndProject
Global
	GlobalSection(SolutionConfigurationPlatforms) = preSolution
		Debug|Any CPU = Debug|Any CPU
		Release|Any CPU = Release|Any CPU
	EndGlobalSection
	GlobalSection(ProjectConfigurationPlatforms) = postSolution
		{0A34B79C-F607-4BAE-B81A-7B6ACF3FEBC6}.Debug|Any CPU.ActiveCfg = Debug|Any CPU
		{0A34B79C-F607-4BAE-B81A-7B6ACF3FEBC6}.Debug|Any CPU.Build.0 = Debug|Any CPU
		{0A34B79C-F607-4BAE-B81A-7B6ACF3FEBC6}.Release|Any CPU.ActiveCfg = Release|Any CPU
		{0A34B79C-F607-4BAE-B81A-7B6ACF3FEBC6}.Release|Any CPU.Build.0 = Release|Any CPU
	EndGlobalSection
	GlobalSection(SolutionProperties) = preSolution
		HideSolutionNode = FALSE
	EndGlobalSection
	GlobalSection(ExtensibilityGlobals) = postSolution
		SolutionGuid = {DF85BE01-8797-4E9B-96E7-8DA897AFE2E1}
	EndGlobalSection
EndGlobal
